// !$*UTF8*$!
{
	archiveVersion = 1;
	classes = {
	};
	objectVersion = 46;
	objects = {

/* Begin PBXBuildFile section */
		C59422BF1CE1E15E00A6BD56 /* AppDelegate.swift in Sources */ = {isa = PBXBuildFile; fileRef = C59422BE1CE1E15E00A6BD56 /* AppDelegate.swift */; };
		C59422C11CE1E15E00A6BD56 /* ViewController.swift in Sources */ = {isa = PBXBuildFile; fileRef = C59422C01CE1E15E00A6BD56 /* ViewController.swift */; };
		C59422C71CE1E15E00A6BD56 /* CoreDataBG.xcdatamodeld in Sources */ = {isa = PBXBuildFile; fileRef = C59422C51CE1E15E00A6BD56 /* CoreDataBG.xcdatamodeld */; };
		C59422C91CE1E15E00A6BD56 /* Assets.xcassets in Resources */ = {isa = PBXBuildFile; fileRef = C59422C81CE1E15E00A6BD56 /* Assets.xcassets */; };
		C59422CC1CE1E15E00A6BD56 /* LaunchScreen.storyboard in Resources */ = {isa = PBXBuildFile; fileRef = C59422CA1CE1E15E00A6BD56 /* LaunchScreen.storyboard */; };
		C59422D41CE1EFA900A6BD56 /* BlueListViewController.swift in Sources */ = {isa = PBXBuildFile; fileRef = C59422D31CE1EFA900A6BD56 /* BlueListViewController.swift */; };
		C59508581CE337D000F868F7 /* PersonCell.swift in Sources */ = {isa = PBXBuildFile; fileRef = C59508571CE337D000F868F7 /* PersonCell.swift */; };
		C5D542B11CE5D971000A7968 /* Address+CoreDataProperties.swift in Sources */ = {isa = PBXBuildFile; fileRef = C5D542AD1CE5D971000A7968 /* Address+CoreDataProperties.swift */; };
		C5D542B21CE5D971000A7968 /* Address.swift in Sources */ = {isa = PBXBuildFile; fileRef = C5D542AE1CE5D971000A7968 /* Address.swift */; };
		C5D542B31CE5D971000A7968 /* Person+CoreDataProperties.swift in Sources */ = {isa = PBXBuildFile; fileRef = C5D542AF1CE5D971000A7968 /* Person+CoreDataProperties.swift */; };
		C5D542B41CE5D971000A7968 /* Person.swift in Sources */ = {isa = PBXBuildFile; fileRef = C5D542B01CE5D971000A7968 /* Person.swift */; };
		C5D542B91CE611BC000A7968 /* ProfileViewController.swift in Sources */ = {isa = PBXBuildFile; fileRef = C5D542B81CE611BC000A7968 /* ProfileViewController.swift */; };
/* End PBXBuildFile section */

/* Begin PBXFileReference section */
		C59422BB1CE1E15E00A6BD56 /* CoreDataBG.app */ = {isa = PBXFileReference; explicitFileType = wrapper.application; includeInIndex = 0; path = CoreDataBG.app; sourceTree = BUILT_PRODUCTS_DIR; };
		C59422BE1CE1E15E00A6BD56 /* AppDelegate.swift */ = {isa = PBXFileReference; lastKnownFileType = sourcecode.swift; path = AppDelegate.swift; sourceTree = "<group>"; };
		C59422C01CE1E15E00A6BD56 /* ViewController.swift */ = {isa = PBXFileReference; lastKnownFileType = sourcecode.swift; path = ViewController.swift; sourceTree = "<group>"; };
		C59422C61CE1E15E00A6BD56 /* CoreDataBG.xcdatamodel */ = {isa = PBXFileReference; lastKnownFileType = wrapper.xcdatamodel; path = CoreDataBG.xcdatamodel; sourceTree = "<group>"; };
		C59422C81CE1E15E00A6BD56 /* Assets.xcassets */ = {isa = PBXFileReference; lastKnownFileType = folder.assetcatalog; path = Assets.xcassets; sourceTree = "<group>"; };
		C59422CB1CE1E15E00A6BD56 /* Base */ = {isa = PBXFileReference; lastKnownFileType = file.storyboard; name = Base; path = Base.lproj/LaunchScreen.storyboard; sourceTree = "<group>"; };
		C59422CD1CE1E15E00A6BD56 /* Info.plist */ = {isa = PBXFileReference; lastKnownFileType = text.plist.xml; path = Info.plist; sourceTree = "<group>"; };
		C59422D31CE1EFA900A6BD56 /* BlueListViewController.swift */ = {isa = PBXFileReference; fileEncoding = 4; lastKnownFileType = sourcecode.swift; path = BlueListViewController.swift; sourceTree = "<group>"; };
		C59508571CE337D000F868F7 /* PersonCell.swift */ = {isa = PBXFileReference; fileEncoding = 4; lastKnownFileType = sourcecode.swift; path = PersonCell.swift; sourceTree = "<group>"; };
		C5D542AD1CE5D971000A7968 /* Address+CoreDataProperties.swift */ = {isa = PBXFileReference; fileEncoding = 4; lastKnownFileType = sourcecode.swift; path = "Address+CoreDataProperties.swift"; sourceTree = "<group>"; };
		C5D542AE1CE5D971000A7968 /* Address.swift */ = {isa = PBXFileReference; fileEncoding = 4; lastKnownFileType = sourcecode.swift; path = Address.swift; sourceTree = "<group>"; };
		C5D542AF1CE5D971000A7968 /* Person+CoreDataProperties.swift */ = {isa = PBXFileReference; fileEncoding = 4; lastKnownFileType = sourcecode.swift; path = "Person+CoreDataProperties.swift"; sourceTree = "<group>"; };
		C5D542B01CE5D971000A7968 /* Person.swift */ = {isa = PBXFileReference; fileEncoding = 4; lastKnownFileType = sourcecode.swift; path = Person.swift; sourceTree = "<group>"; };
		C5D542B81CE611BC000A7968 /* ProfileViewController.swift */ = {isa = PBXFileReference; fileEncoding = 4; lastKnownFileType = sourcecode.swift; path = ProfileViewController.swift; sourceTree = "<group>"; };
/* End PBXFileReference section */

/* Begin PBXFrameworksBuildPhase section */
		C59422B81CE1E15E00A6BD56 /* Frameworks */ = {
			isa = PBXFrameworksBuildPhase;
			buildActionMask = 2147483647;
			files = (
			);
			runOnlyForDeploymentPostprocessing = 0;
		};
/* End PBXFrameworksBuildPhase section */

/* Begin PBXGroup section */
		C59422B21CE1E15E00A6BD56 = {
			isa = PBXGroup;
			children = (
				C59422BD1CE1E15E00A6BD56 /* CoreDataBG */,
				C59422BC1CE1E15E00A6BD56 /* Products */,
			);
			sourceTree = "<group>";
		};
		C59422BC1CE1E15E00A6BD56 /* Products */ = {
			isa = PBXGroup;
			children = (
				C59422BB1CE1E15E00A6BD56 /* CoreDataBG.app */,
			);
			name = Products;
			sourceTree = "<group>";
		};
		C59422BD1CE1E15E00A6BD56 /* CoreDataBG */ = {
			isa = PBXGroup;
			children = (
				C5D542AD1CE5D971000A7968 /* Address+CoreDataProperties.swift */,
				C5D542AE1CE5D971000A7968 /* Address.swift */,
				C5D542AF1CE5D971000A7968 /* Person+CoreDataProperties.swift */,
				C5D542B01CE5D971000A7968 /* Person.swift */,
				C59422BE1CE1E15E00A6BD56 /* AppDelegate.swift */,
				C59422C01CE1E15E00A6BD56 /* ViewController.swift */,
				C59422D31CE1EFA900A6BD56 /* BlueListViewController.swift */,
				C59508571CE337D000F868F7 /* PersonCell.swift */,
				C59422C81CE1E15E00A6BD56 /* Assets.xcassets */,
				C59422CA1CE1E15E00A6BD56 /* LaunchScreen.storyboard */,
				C59422CD1CE1E15E00A6BD56 /* Info.plist */,
				C59422C51CE1E15E00A6BD56 /* CoreDataBG.xcdatamodeld */,
				C5D542B81CE611BC000A7968 /* ProfileViewController.swift */,
			);
			path = CoreDataBG;
			sourceTree = "<group>";
		};
/* End PBXGroup section */

/* Begin PBXNativeTarget section */
		C59422BA1CE1E15E00A6BD56 /* CoreDataBG */ = {
			isa = PBXNativeTarget;
			buildConfigurationList = C59422D01CE1E15E00A6BD56 /* Build configuration list for PBXNativeTarget "CoreDataBG" */;
			buildPhases = (
				C59422B71CE1E15E00A6BD56 /* Sources */,
				C59422B81CE1E15E00A6BD56 /* Frameworks */,
				C59422B91CE1E15E00A6BD56 /* Resources */,
			);
			buildRules = (
			);
			dependencies = (
			);
			name = CoreDataBG;
			productName = CoreDataBG;
			productReference = C59422BB1CE1E15E00A6BD56 /* CoreDataBG.app */;
			productType = "com.apple.product-type.application";
		};
/* End PBXNativeTarget section */

/* Begin PBXProject section */
		C59422B31CE1E15E00A6BD56 /* Project object */ = {
			isa = PBXProject;
			attributes = {
				LastSwiftUpdateCheck = 0730;
				LastUpgradeCheck = 0730;
				ORGANIZATIONNAME = "Ashutosh Kumar Jha";
				TargetAttributes = {
					C59422BA1CE1E15E00A6BD56 = {
						CreatedOnToolsVersion = 7.3;
						DevelopmentTeam = AXB56L9XV8;
					};
				};
			};
			buildConfigurationList = C59422B61CE1E15E00A6BD56 /* Build configuration list for PBXProject "CoreDataBG" */;
			compatibilityVersion = "Xcode 3.2";
			developmentRegion = English;
			hasScannedForEncodings = 0;
			knownRegions = (
				en,
				Base,
			);
			mainGroup = C59422B21CE1E15E00A6BD56;
			productRefGroup = C59422BC1CE1E15E00A6BD56 /* Products */;
			projectDirPath = "";
			projectRoot = "";
			targets = (
				C59422BA1CE1E15E00A6BD56 /* CoreDataBG */,
			);
		};
/* End PBXProject section */

/* Begin PBXResourcesBuildPhase section */
		C59422B91CE1E15E00A6BD56 /* Resources */ = {
			isa = PBXResourcesBuildPhase;
			buildActionMask = 2147483647;
			files = (
				C59422CC1CE1E15E00A6BD56 /* LaunchScreen.storyboard in Resources */,
				C59422C91CE1E15E00A6BD56 /* Assets.xcassets in Resources */,
			);
			runOnlyForDeploymentPostprocessing = 0;
		};
/* End PBXResourcesBuildPhase section */

/* Begin PBXSourcesBuildPhase section */
		C59422B71CE1E15E00A6BD56 /* Sources */ = {
			isa = PBXSourcesBuildPhase;
			buildActionMask = 2147483647;
			files = (
				C59422C71CE1E15E00A6BD56 /* CoreDataBG.xcdatamodeld in Sources */,
				C59508581CE337D000F868F7 /* PersonCell.swift in Sources */,
				C5D542B91CE611BC000A7968 /* ProfileViewController.swift in Sources */,
				C5D542B11CE5D971000A7968 /* Address+CoreDataProperties.swift in Sources */,
				C59422C11CE1E15E00A6BD56 /* ViewController.swift in Sources */,
				C5D542B31CE5D971000A7968 /* Person+CoreDataProperties.swift in Sources */,
				C59422D41CE1EFA900A6BD56 /* BlueListViewController.swift in Sources */,
				C5D542B41CE5D971000A7968 /* Person.swift in Sources */,
				C59422BF1CE1E15E00A6BD56 /* AppDelegate.swift in Sources */,
				C5D542B21CE5D971000A7968 /* Address.swift in Sources */,
			);
			runOnlyForDeploymentPostprocessing = 0;
		};
/* End PBXSourcesBuildPhase section */

/* Begin PBXVariantGroup section */
		C59422CA1CE1E15E00A6BD56 /* LaunchScreen.storyboard */ = {
			isa = PBXVariantGroup;
			children = (
				C59422CB1CE1E15E00A6BD56 /* Base */,
			);
			name = LaunchScreen.storyboard;
			sourceTree = "<group>";
		};
/* End PBXVariantGroup section */

/* Begin XCBuildConfiguration section */
		C59422CE1CE1E15E00A6BD56 /* Debug */ = {
			isa = XCBuildConfiguration;
			buildSettings = {
				ALWAYS_SEARCH_USER_PATHS = NO;
				CLANG_ANALYZER_NONNULL = YES;
				CLANG_CXX_LANGUAGE_STANDARD = "gnu++0x";
				CLANG_CXX_LIBRARY = "libc++";
				CLANG_ENABLE_MODULES = YES;
				CLANG_ENABLE_OBJC_ARC = YES;
				CLANG_WARN_BOOL_CONVERSION = YES;
				CLANG_WARN_CONSTANT_CONVERSION = YES;
				CLANG_WARN_DIRECT_OBJC_ISA_USAGE = YES_ERROR;
				CLANG_WARN_EMPTY_BODY = YES;
				CLANG_WARN_ENUM_CONVERSION = YES;
				CLANG_WARN_INT_CONVERSION = YES;
				CLANG_WARN_OBJC_ROOT_CLASS = YES_ERROR;
				CLANG_WARN_UNREACHABLE_CODE = YES;
				CLANG_WARN__DUPLICATE_METHOD_MATCH = YES;
				"CODE_SIGN_IDENTITY[sdk=iphoneos*]" = "iPhone Developer";
				COPY_PHASE_STRIP = NO;
				DEBUG_INFORMATION_FORMAT = dwarf;
				ENABLE_STRICT_OBJC_MSGSEND = YES;
				ENABLE_TESTABILITY = YES;
				GCC_C_LANGUAGE_STANDARD = gnu99;
				GCC_DYNAMIC_NO_PIC = NO;
				GCC_NO_COMMON_BLOCKS = YES;
				GCC_OPTIMIZATION_LEVEL = 0;
				GCC_PREPROCESSOR_DEFINITIONS = (
					"DEBUG=1",
					"$(inherited)",
				);
				GCC_WARN_64_TO_32_BIT_CONVERSION = YES;
				GCC_WARN_ABOUT_RETURN_TYPE = YES_ERROR;
				GCC_WARN_UNDECLARED_SELECTOR = YES;
				GCC_WARN_UNINITIALIZED_AUTOS = YES_AGGRESSIVE;
				GCC_WARN_UNUSED_FUNCTION = YES;
				GCC_WARN_UNUSED_VARIABLE = YES;
				IPHONEOS_DEPLOYMENT_TARGET = 9.3;
				MTL_ENABLE_DEBUG_INFO = YES;
				ONLY_ACTIVE_ARCH = YES;
				SDKROOT = iphoneos;
				SWIFT_OPTIMIZATION_LEVEL = "-Onone";
			};
			name = Debug;
		};
		C59422CF1CE1E15E00A6BD56 /* Release */ = {
			isa = XCBuildConfiguration;
			buildSettings = {
				ALWAYS_SEARCH_USER_PATHS = NO;
				CLANG_ANALYZER_NONNULL = YES;
				CLANG_CXX_LANGUAGE_STANDARD = "gnu++0x";
				CLANG_CXX_LIBRARY = "libc++";
				CLANG_ENABLE_MODULES = YES;
				CLANG_ENABLE_OBJC_ARC = YES;
				CLANG_WARN_BOOL_CONVERSION = YES;
				CLANG_WARN_CONSTANT_CONVERSION = YES;
				CLANG_WARN_DIRECT_OBJC_ISA_USAGE = YES_ERROR;
				CLANG_WARN_EMPTY_BODY = YES;
				CLANG_WARN_ENUM_CONVERSION = YES;
				CLANG_WARN_INT_CONVERSION = YES;
				CLANG_WARN_OBJC_ROOT_CLASS = YES_ERROR;
				CLANG_WARN_UNREACHABLE_CODE = YES;
				CLANG_WARN__DUPLICATE_METHOD_MATCH = YES;
				"CODE_SIGN_IDENTITY[sdk=iphoneos*]" = "iPhone Developer";
				COPY_PHASE_STRIP = NO;
				DEBUG_INFORMATION_FORMAT = "dwarf-with-dsym";
				ENABLE_NS_ASSERTIONS = NO;
				ENABLE_STRICT_OBJC_MSGSEND = YES;
				GCC_C_LANGUAGE_STANDARD = gnu99;
				GCC_NO_COMMON_BLOCKS = YES;
				GCC_WARN_64_TO_32_BIT_CONVERSION = YES;
				GCC_WARN_ABOUT_RETURN_TYPE = YES_ERROR;
				GCC_WARN_UNDECLARED_SELECTOR = YES;
				GCC_WARN_UNINITIALIZED_AUTOS = YES_AGGRESSIVE;
				GCC_WARN_UNUSED_FUNCTION = YES;
				GCC_WARN_UNUSED_VARIABLE = YES;
				IPHONEOS_DEPLOYMENT_TARGET = 9.3;
				MTL_ENABLE_DEBUG_INFO = NO;
				SDKROOT = iphoneos;
				VALIDATE_PRODUCT = YES;
			};
			name = Release;
		};
		C59422D11CE1E15E00A6BD56 /* Debug */ = {
			isa = XCBuildConfiguration;
			buildSettings = {
				ASSETCATALOG_COMPILER_APPICON_NAME = AppIcon;
				CLANG_ENABLE_MODULES = YES;
				INFOPLIST_FILE = CoreDataBG/Info.plist;
				LD_RUNPATH_SEARCH_PATHS = "$(inherited) @executable_path/Frameworks";
				PRODUCT_BUNDLE_IDENTIFIER = com.home.CoreDataBG;
				PRODUCT_NAME = "$(TARGET_NAME)";
				SWIFT_OPTIMIZATION_LEVEL = "-Onone";
			};
			name = Debug;
		};
		C59422D21CE1E15E00A6BD56 /* Release */ = {
			isa = XCBuildConfiguration;
			buildSettings = {
				ASSETCATALOG_COMPILER_APPICON_NAME = AppIcon;
				CLANG_ENABLE_MODULES = YES;
				INFOPLIST_FILE = CoreDataBG/Info.plist;
				LD_RUNPATH_SEARCH_PATHS = "$(inherited) @executable_path/Frameworks";
				PRODUCT_BUNDLE_IDENTIFIER = com.home.CoreDataBG;
				PRODUCT_NAME = "$(TARGET_NAME)";
			};
			name = Release;
		};
/* End XCBuildConfiguration section */

/* Begin XCConfigurationList section */
		C59422B61CE1E15E00A6BD56 /* Build configuration list for PBXProject "CoreDataBG" */ = {
			isa = XCConfigurationList;
			buildConfigurations = (
				C59422CE1CE1E15E00A6BD56 /* Debug */,
				C59422CF1CE1E15E00A6BD56 /* Release */,
			);
			defaultConfigurationIsVisible = 0;
			defaultConfigurationName = Release;
		};
		C59422D01CE1E15E00A6BD56 /* Build configuration list for PBXNativeTarget "CoreDataBG" */ = {
			isa = XCConfigurationList;
			buildConfigurations = (
				C59422D11CE1E15E00A6BD56 /* Debug */,
				C59422D21CE1E15E00A6BD56 /* Release */,
			);
			defaultConfigurationIsVisible = 0;
			defaultConfigurationName = Release;
		};
/* End XCConfigurationList section */

/* Begin XCVersionGroup section */
		C59422C51CE1E15E00A6BD56 /* CoreDataBG.xcdatamodeld */ = {
			isa = XCVersionGroup;
			children = (
				C59422C61CE1E15E00A6BD56 /* CoreDataBG.xcdatamodel */,
			);
			currentVersion = C59422C61CE1E15E00A6BD56 /* CoreDataBG.xcdatamodel */;
			path = CoreDataBG.xcdatamodeld;
			sourceTree = "<group>";
			versionGroupType = wrapper.xcdatamodel;
		};
/* End XCVersionGroup section */
	};
	rootObject = C59422B31CE1E15E00A6BD56 /* Project object */;
}
